
Microsoft Visual Studio Solution File, Format Version 11.00
# Visual Studio 2010
Project("{FAE04EC0-301F-11D3-BF4B-00C04F79EFBC}") = "Roll A Ball 1", "Assembly-CSharp-firstpass.csproj", "{8FB30688-23A2-CDA7-E2BF-3FAC8D071032}"
EndProject
Project("{FAE04EC0-301F-11D3-BF4B-00C04F79EFBC}") = "Roll A Ball 1", "Assembly-CSharp.csproj", "{F680C0A2-04B8-C971-646E-9FB347B523AC}"
EndProject
Project("{FAE04EC0-301F-11D3-BF4B-00C04F79EFBC}") = "Roll A Ball 1", "Assembly-CSharp-Editor-firstpass.csproj", "{3A40FE6A-DF01-0CFB-75D0-ECA580FB0D20}"
EndProject
Global
	GlobalSection(SolutionConfigurationPlatforms) = preSolution
		Debug|Any CPU = Debug|Any CPU
		Release|Any CPU = Release|Any CPU
	EndGlobalSection
	GlobalSection(ProjectConfigurationPlatforms) = postSolution
		{8FB30688-23A2-CDA7-E2BF-3FAC8D071032}.Debug|Any CPU.ActiveCfg = Debug|Any CPU
		{8FB30688-23A2-CDA7-E2BF-3FAC8D071032}.Debug|Any CPU.Build.0 = Debug|Any CPU
		{8FB30688-23A2-CDA7-E2BF-3FAC8D071032}.Release|Any CPU.ActiveCfg = Release|Any CPU
		{8FB30688-23A2-CDA7-E2BF-3FAC8D071032}.Release|Any CPU.Build.0 = Release|Any CPU
		{F680C0A2-04B8-C971-646E-9FB347B523AC}.Debug|Any CPU.ActiveCfg = Debug|Any CPU
		{F680C0A2-04B8-C971-646E-9FB347B523AC}.Debug|Any CPU.Build.0 = Debug|Any CPU
		{F680C0A2-04B8-C971-646E-9FB347B523AC}.Release|Any CPU.ActiveCfg = Release|Any CPU
		{F680C0A2-04B8-C971-646E-9FB347B523AC}.Release|Any CPU.Build.0 = Release|Any CPU
		{3A40FE6A-DF01-0CFB-75D0-ECA580FB0D20}.Debug|Any CPU.ActiveCfg = Debug|Any CPU
		{3A40FE6A-DF01-0CFB-75D0-ECA580FB0D20}.Debug|Any CPU.Build.0 = Debug|Any CPU
		{3A40FE6A-DF01-0CFB-75D0-ECA580FB0D20}.Release|Any CPU.ActiveCfg = Release|Any CPU
		{3A40FE6A-DF01-0CFB-75D0-ECA580FB0D20}.Release|Any CPU.Build.0 = Release|Any CPU
	EndGlobalSection
	GlobalSection(SolutionProperties) = preSolution
		HideSolutionNode = FALSE
	EndGlobalSection
	GlobalSection(MonoDevelopProperties) = preSolution
		StartupItem = Assembly-CSharp.csproj
	EndGlobalSection
EndGlobal
